
Microsoft Visual Studio Solution File, Format Version 12.00
# Visual Studio Version 17
VisualStudioVersion = 17.0.31903.59
MinimumVisualStudioVersion = 10.0.40219.1
Project("{FAE04EC0-301F-11D3-BF4B-00C04F79EFBC}") = "Lago.NET.Client", "Lago.NET.Client\Lago.NET.Client.csproj", "{0ED23F0B-CB7B-4418-A0AC-7DC169C02548}"
EndProject
Project("{FAE04EC0-301F-11D3-BF4B-00C04F79EFBC}") = "Lago.NET.Tests", "Lago.NET.Tests\Lago.NET.Tests.csproj", "{C514047D-53A1-4499-A0E7-603415380863}"
EndProject
Global
	GlobalSection(SolutionConfigurationPlatforms) = preSolution
		Debug|Any CPU = Debug|Any CPU
		Release|Any CPU = Release|Any CPU
	EndGlobalSection
	GlobalSection(SolutionProperties) = preSolution
		HideSolutionNode = FALSE
	EndGlobalSection
	GlobalSection(ProjectConfigurationPlatforms) = postSolution
		{0ED23F0B-CB7B-4418-A0AC-7DC169C02548}.Debug|Any CPU.ActiveCfg = Debug|Any CPU
		{0ED23F0B-CB7B-4418-A0AC-7DC169C02548}.Debug|Any CPU.Build.0 = Debug|Any CPU
		{0ED23F0B-CB7B-4418-A0AC-7DC169C02548}.Release|Any CPU.ActiveCfg = Release|Any CPU
		{0ED23F0B-CB7B-4418-A0AC-7DC169C02548}.Release|Any CPU.Build.0 = Release|Any CPU
		{C514047D-53A1-4499-A0E7-603415380863}.Debug|Any CPU.ActiveCfg = Debug|Any CPU
		{C514047D-53A1-4499-A0E7-603415380863}.Debug|Any CPU.Build.0 = Debug|Any CPU
		{C514047D-53A1-4499-A0E7-603415380863}.Release|Any CPU.ActiveCfg = Release|Any CPU
		{C514047D-53A1-4499-A0E7-603415380863}.Release|Any CPU.Build.0 = Release|Any CPU
	EndGlobalSection
EndGlobal
